
Microsoft Visual Studio Solution File, Format Version 12.00
# Visual Studio Version 17
VisualStudioVersion = 17.0.31903.59
MinimumVisualStudioVersion = 10.0.40219.1
Project("{FAE04EC0-301F-11D3-BF4B-00C04F79EFBC}") = "API", "API\API.csproj", "{EAE58C30-4CCB-4497-9735-220BE10BD81A}"
EndProject
Project("{FAE04EC0-301F-11D3-BF4B-00C04F79EFBC}") = "Core", "Core\Core.csproj", "{835710AB-D436-4817-8BA3-2D655EE2F611}"
EndProject
Project("{FAE04EC0-301F-11D3-BF4B-00C04F79EFBC}") = "Infrastructure", "Infrastructure\Infrastructure.csproj", "{011BAFEA-84A6-4C22-8D3A-ECA041C567FA}"
EndProject
Global
	GlobalSection(SolutionConfigurationPlatforms) = preSolution
		Debug|Any CPU = Debug|Any CPU
		Release|Any CPU = Release|Any CPU
	EndGlobalSection
	GlobalSection(SolutionProperties) = preSolution
		HideSolutionNode = FALSE
	EndGlobalSection
	GlobalSection(ProjectConfigurationPlatforms) = postSolution
		{EAE58C30-4CCB-4497-9735-220BE10BD81A}.Debug|Any CPU.ActiveCfg = Debug|Any CPU
		{EAE58C30-4CCB-4497-9735-220BE10BD81A}.Debug|Any CPU.Build.0 = Debug|Any CPU
		{EAE58C30-4CCB-4497-9735-220BE10BD81A}.Release|Any CPU.ActiveCfg = Release|Any CPU
		{EAE58C30-4CCB-4497-9735-220BE10BD81A}.Release|Any CPU.Build.0 = Release|Any CPU
		{835710AB-D436-4817-8BA3-2D655EE2F611}.Debug|Any CPU.ActiveCfg = Debug|Any CPU
		{835710AB-D436-4817-8BA3-2D655EE2F611}.Debug|Any CPU.Build.0 = Debug|Any CPU
		{835710AB-D436-4817-8BA3-2D655EE2F611}.Release|Any CPU.ActiveCfg = Release|Any CPU
		{835710AB-D436-4817-8BA3-2D655EE2F611}.Release|Any CPU.Build.0 = Release|Any CPU
		{011BAFEA-84A6-4C22-8D3A-ECA041C567FA}.Debug|Any CPU.ActiveCfg = Debug|Any CPU
		{011BAFEA-84A6-4C22-8D3A-ECA041C567FA}.Debug|Any CPU.Build.0 = Debug|Any CPU
		{011BAFEA-84A6-4C22-8D3A-ECA041C567FA}.Release|Any CPU.ActiveCfg = Release|Any CPU
		{011BAFEA-84A6-4C22-8D3A-ECA041C567FA}.Release|Any CPU.Build.0 = Release|Any CPU
	EndGlobalSection
EndGlobal
